// !$*UTF8*$!
{
	archiveVersion = 1;
	classes = {
	};
	objectVersion = 50;
	objects = {

/* Begin PBXBuildFile section */
		B66D6C192588444B00389AFF /* AppDelegate.swift in Sources */ = {isa = PBXBuildFile; fileRef = B66D6C182588444B00389AFF /* AppDelegate.swift */; };
		B66D6C1B2588444B00389AFF /* SceneDelegate.swift in Sources */ = {isa = PBXBuildFile; fileRef = B66D6C1A2588444B00389AFF /* SceneDelegate.swift */; };
		B66D6C1D2588444B00389AFF /* ViewController.swift in Sources */ = {isa = PBXBuildFile; fileRef = B66D6C1C2588444B00389AFF /* ViewController.swift */; };
		B66D6C202588444B00389AFF /* Main.storyboard in Resources */ = {isa = PBXBuildFile; fileRef = B66D6C1E2588444B00389AFF /* Main.storyboard */; };
		B66D6C222588444F00389AFF /* Assets.xcassets in Resources */ = {isa = PBXBuildFile; fileRef = B66D6C212588444F00389AFF /* Assets.xcassets */; };
		B66D6C252588444F00389AFF /* LaunchScreen.storyboard in Resources */ = {isa = PBXBuildFile; fileRef = B66D6C232588444F00389AFF /* LaunchScreen.storyboard */; };
		B66D6C302588444F00389AFF /* Things_To_DoTests.swift in Sources */ = {isa = PBXBuildFile; fileRef = B66D6C2F2588444F00389AFF /* Things_To_DoTests.swift */; };
		B66D6C3B2588444F00389AFF /* Things_To_DoUITests.swift in Sources */ = {isa = PBXBuildFile; fileRef = B66D6C3A2588444F00389AFF /* Things_To_DoUITests.swift */; };
/* End PBXBuildFile section */

/* Begin PBXContainerItemProxy section */
		B66D6C2C2588444F00389AFF /* PBXContainerItemProxy */ = {
			isa = PBXContainerItemProxy;
			containerPortal = B66D6C0D2588444B00389AFF /* Project object */;
			proxyType = 1;
			remoteGlobalIDString = B66D6C142588444B00389AFF;
			remoteInfo = "Things-To-Do";
		};
		B66D6C372588444F00389AFF /* PBXContainerItemProxy */ = {
			isa = PBXContainerItemProxy;
			containerPortal = B66D6C0D2588444B00389AFF /* Project object */;
			proxyType = 1;
			remoteGlobalIDString = B66D6C142588444B00389AFF;
			remoteInfo = "Things-To-Do";
		};
/* End PBXContainerItemProxy section */

/* Begin PBXFileReference section */
		B66D6C152588444B00389AFF /* Things-To-Do.app */ = {isa = PBXFileReference; explicitFileType = wrapper.application; includeInIndex = 0; path = "Things-To-Do.app"; sourceTree = BUILT_PRODUCTS_DIR; };
		B66D6C182588444B00389AFF /* AppDelegate.swift */ = {isa = PBXFileReference; lastKnownFileType = sourcecode.swift; path = AppDelegate.swift; sourceTree = "<group>"; };
		B66D6C1A2588444B00389AFF /* SceneDelegate.swift */ = {isa = PBXFileReference; lastKnownFileType = sourcecode.swift; path = SceneDelegate.swift; sourceTree = "<group>"; };
		B66D6C1C2588444B00389AFF /* ViewController.swift */ = {isa = PBXFileReference; lastKnownFileType = sourcecode.swift; path = ViewController.swift; sourceTree = "<group>"; };
		B66D6C1F2588444B00389AFF /* Base */ = {isa = PBXFileReference; lastKnownFileType = file.storyboard; name = Base; path = Base.lproj/Main.storyboard; sourceTree = "<group>"; };
		B66D6C212588444F00389AFF /* Assets.xcassets */ = {isa = PBXFileReference; lastKnownFileType = folder.assetcatalog; path = Assets.xcassets; sourceTree = "<group>"; };
		B66D6C242588444F00389AFF /* Base */ = {isa = PBXFileReference; lastKnownFileType = file.storyboard; name = Base; path = Base.lproj/LaunchScreen.storyboard; sourceTree = "<group>"; };
		B66D6C262588444F00389AFF /* Info.plist */ = {isa = PBXFileReference; lastKnownFileType = text.plist.xml; path = Info.plist; sourceTree = "<group>"; };
		B66D6C2B2588444F00389AFF /* Things-To-DoTests.xctest */ = {isa = PBXFileReference; explicitFileType = wrapper.cfbundle; includeInIndex = 0; path = "Things-To-DoTests.xctest"; sourceTree = BUILT_PRODUCTS_DIR; };
		B66D6C2F2588444F00389AFF /* Things_To_DoTests.swift */ = {isa = PBXFileReference; lastKnownFileType = sourcecode.swift; path = Things_To_DoTests.swift; sourceTree = "<group>"; };
		B66D6C312588444F00389AFF /* Info.plist */ = {isa = PBXFileReference; lastKnownFileType = text.plist.xml; path = Info.plist; sourceTree = "<group>"; };
		B66D6C362588444F00389AFF /* Things-To-DoUITests.xctest */ = {isa = PBXFileReference; explicitFileType = wrapper.cfbundle; includeInIndex = 0; path = "Things-To-DoUITests.xctest"; sourceTree = BUILT_PRODUCTS_DIR; };
		B66D6C3A2588444F00389AFF /* Things_To_DoUITests.swift */ = {isa = PBXFileReference; lastKnownFileType = sourcecode.swift; path = Things_To_DoUITests.swift; sourceTree = "<group>"; };
		B66D6C3C2588444F00389AFF /* Info.plist */ = {isa = PBXFileReference; lastKnownFileType = text.plist.xml; path = Info.plist; sourceTree = "<group>"; };
/* End PBXFileReference section */

/* Begin PBXFrameworksBuildPhase section */
		B66D6C122588444B00389AFF /* Frameworks */ = {
			isa = PBXFrameworksBuildPhase;
			buildActionMask = 2147483647;
			files = (
			);
			runOnlyForDeploymentPostprocessing = 0;
		};
		B66D6C282588444F00389AFF /* Frameworks */ = {
			isa = PBXFrameworksBuildPhase;
			buildActionMask = 2147483647;
			files = (
			);
			runOnlyForDeploymentPostprocessing = 0;
		};
		B66D6C332588444F00389AFF /* Frameworks */ = {
			isa = PBXFrameworksBuildPhase;
			buildActionMask = 2147483647;
			files = (
			);
			runOnlyForDeploymentPostprocessing = 0;
		};
/* End PBXFrameworksBuildPhase section */

/* Begin PBXGroup section */
		B66D6C0C2588444B00389AFF = {
			isa = PBXGroup;
			children = (
				B66D6C172588444B00389AFF /* Things-To-Do */,
				B66D6C2E2588444F00389AFF /* Things-To-DoTests */,
				B66D6C392588444F00389AFF /* Things-To-DoUITests */,
				B66D6C162588444B00389AFF /* Products */,
			);
			sourceTree = "<group>";
		};
		B66D6C162588444B00389AFF /* Products */ = {
			isa = PBXGroup;
			children = (
				B66D6C152588444B00389AFF /* Things-To-Do.app */,
				B66D6C2B2588444F00389AFF /* Things-To-DoTests.xctest */,
				B66D6C362588444F00389AFF /* Things-To-DoUITests.xctest */,
			);
			name = Products;
			sourceTree = "<group>";
		};
		B66D6C172588444B00389AFF /* Things-To-Do */ = {
			isa = PBXGroup;
			children = (
				B66D6C182588444B00389AFF /* AppDelegate.swift */,
				B66D6C1A2588444B00389AFF /* SceneDelegate.swift */,
				B66D6C1C2588444B00389AFF /* ViewController.swift */,
				B66D6C1E2588444B00389AFF /* Main.storyboard */,
				B66D6C212588444F00389AFF /* Assets.xcassets */,
				B66D6C232588444F00389AFF /* LaunchScreen.storyboard */,
				B66D6C262588444F00389AFF /* Info.plist */,
			);
			path = "Things-To-Do";
			sourceTree = "<group>";
		};
		B66D6C2E2588444F00389AFF /* Things-To-DoTests */ = {
			isa = PBXGroup;
			children = (
				B66D6C2F2588444F00389AFF /* Things_To_DoTests.swift */,
				B66D6C312588444F00389AFF /* Info.plist */,
			);
			path = "Things-To-DoTests";
			sourceTree = "<group>";
		};
		B66D6C392588444F00389AFF /* Things-To-DoUITests */ = {
			isa = PBXGroup;
			children = (
				B66D6C3A2588444F00389AFF /* Things_To_DoUITests.swift */,
				B66D6C3C2588444F00389AFF /* Info.plist */,
			);
			path = "Things-To-DoUITests";
			sourceTree = "<group>";
		};
/* End PBXGroup section */

/* Begin PBXNativeTarget section */
		B66D6C142588444B00389AFF /* Things-To-Do */ = {
			isa = PBXNativeTarget;
			buildConfigurationList = B66D6C3F2588444F00389AFF /* Build configuration list for PBXNativeTarget "Things-To-Do" */;
			buildPhases = (
				B66D6C112588444B00389AFF /* Sources */,
				B66D6C122588444B00389AFF /* Frameworks */,
				B66D6C132588444B00389AFF /* Resources */,
			);
			buildRules = (
			);
			dependencies = (
			);
			name = "Things-To-Do";
			productName = "Things-To-Do";
			productReference = B66D6C152588444B00389AFF /* Things-To-Do.app */;
			productType = "com.apple.product-type.application";
		};
		B66D6C2A2588444F00389AFF /* Things-To-DoTests */ = {
			isa = PBXNativeTarget;
			buildConfigurationList = B66D6C422588444F00389AFF /* Build configuration list for PBXNativeTarget "Things-To-DoTests" */;
			buildPhases = (
				B66D6C272588444F00389AFF /* Sources */,
				B66D6C282588444F00389AFF /* Frameworks */,
				B66D6C292588444F00389AFF /* Resources */,
			);
			buildRules = (
			);
			dependencies = (
				B66D6C2D2588444F00389AFF /* PBXTargetDependency */,
			);
			name = "Things-To-DoTests";
			productName = "Things-To-DoTests";
			productReference = B66D6C2B2588444F00389AFF /* Things-To-DoTests.xctest */;
			productType = "com.apple.product-type.bundle.unit-test";
		};
		B66D6C352588444F00389AFF /* Things-To-DoUITests */ = {
			isa = PBXNativeTarget;
			buildConfigurationList = B66D6C452588444F00389AFF /* Build configuration list for PBXNativeTarget "Things-To-DoUITests" */;
			buildPhases = (
				B66D6C322588444F00389AFF /* Sources */,
				B66D6C332588444F00389AFF /* Frameworks */,
				B66D6C342588444F00389AFF /* Resources */,
			);
			buildRules = (
			);
			dependencies = (
				B66D6C382588444F00389AFF /* PBXTargetDependency */,
			);
			name = "Things-To-DoUITests";
			productName = "Things-To-DoUITests";
			productReference = B66D6C362588444F00389AFF /* Things-To-DoUITests.xctest */;
			productType = "com.apple.product-type.bundle.ui-testing";
		};
/* End PBXNativeTarget section */

/* Begin PBXProject section */
		B66D6C0D2588444B00389AFF /* Project object */ = {
			isa = PBXProject;
			attributes = {
				LastSwiftUpdateCheck = 1220;
				LastUpgradeCheck = 1220;
				TargetAttributes = {
					B66D6C142588444B00389AFF = {
						CreatedOnToolsVersion = 12.2;
					};
					B66D6C2A2588444F00389AFF = {
						CreatedOnToolsVersion = 12.2;
						TestTargetID = B66D6C142588444B00389AFF;
					};
					B66D6C352588444F00389AFF = {
						CreatedOnToolsVersion = 12.2;
						TestTargetID = B66D6C142588444B00389AFF;
					};
				};
			};
			buildConfigurationList = B66D6C102588444B00389AFF /* Build configuration list for PBXProject "Things-To-Do" */;
			compatibilityVersion = "Xcode 9.3";
			developmentRegion = en;
			hasScannedForEncodings = 0;
			knownRegions = (
				en,
				Base,
			);
			mainGroup = B66D6C0C2588444B00389AFF;
			productRefGroup = B66D6C162588444B00389AFF /* Products */;
			projectDirPath = "";
			projectRoot = "";
			targets = (
				B66D6C142588444B00389AFF /* Things-To-Do */,
				B66D6C2A2588444F00389AFF /* Things-To-DoTests */,
				B66D6C352588444F00389AFF /* Things-To-DoUITests */,
			);
		};
/* End PBXProject section */

/* Begin PBXResourcesBuildPhase section */
		B66D6C132588444B00389AFF /* Resources */ = {
			isa = PBXResourcesBuildPhase;
			buildActionMask = 2147483647;
			files = (
				B66D6C252588444F00389AFF /* LaunchScreen.storyboard in Resources */,
				B66D6C222588444F00389AFF /* Assets.xcassets in Resources */,
				B66D6C202588444B00389AFF /* Main.storyboard in Resources */,
			);
			runOnlyForDeploymentPostprocessing = 0;
		};
		B66D6C292588444F00389AFF /* Resources */ = {
			isa = PBXResourcesBuildPhase;
			buildActionMask = 2147483647;
			files = (
			);
			runOnlyForDeploymentPostprocessing = 0;
		};
		B66D6C342588444F00389AFF /* Resources */ = {
			isa = PBXResourcesBuildPhase;
			buildActionMask = 2147483647;
			files = (
			);
			runOnlyForDeploymentPostprocessing = 0;
		};
/* End PBXResourcesBuildPhase section */

/* Begin PBXSourcesBuildPhase section */
		B66D6C112588444B00389AFF /* Sources */ = {
			isa = PBXSourcesBuildPhase;
			buildActionMask = 2147483647;
			files = (
				B66D6C1D2588444B00389AFF /* ViewController.swift in Sources */,
				B66D6C192588444B00389AFF /* AppDelegate.swift in Sources */,
				B66D6C1B2588444B00389AFF /* SceneDelegate.swift in Sources */,
			);
			runOnlyForDeploymentPostprocessing = 0;
		};
		B66D6C272588444F00389AFF /* Sources */ = {
			isa = PBXSourcesBuildPhase;
			buildActionMask = 2147483647;
			files = (
				B66D6C302588444F00389AFF /* Things_To_DoTests.swift in Sources */,
			);
			runOnlyForDeploymentPostprocessing = 0;
		};
		B66D6C322588444F00389AFF /* Sources */ = {
			isa = PBXSourcesBuildPhase;
			buildActionMask = 2147483647;
			files = (
				B66D6C3B2588444F00389AFF /* Things_To_DoUITests.swift in Sources */,
			);
			runOnlyForDeploymentPostprocessing = 0;
		};
/* End PBXSourcesBuildPhase section */

/* Begin PBXTargetDependency section */
		B66D6C2D2588444F00389AFF /* PBXTargetDependency */ = {
			isa = PBXTargetDependency;
			target = B66D6C142588444B00389AFF /* Things-To-Do */;
			targetProxy = B66D6C2C2588444F00389AFF /* PBXContainerItemProxy */;
		};
		B66D6C382588444F00389AFF /* PBXTargetDependency */ = {
			isa = PBXTargetDependency;
			target = B66D6C142588444B00389AFF /* Things-To-Do */;
			targetProxy = B66D6C372588444F00389AFF /* PBXContainerItemProxy */;
		};
/* End PBXTargetDependency section */

/* Begin PBXVariantGroup section */
		B66D6C1E2588444B00389AFF /* Main.storyboard */ = {
			isa = PBXVariantGroup;
			children = (
				B66D6C1F2588444B00389AFF /* Base */,
			);
			name = Main.storyboard;
			sourceTree = "<group>";
		};
		B66D6C232588444F00389AFF /* LaunchScreen.storyboard */ = {
			isa = PBXVariantGroup;
			children = (
				B66D6C242588444F00389AFF /* Base */,
			);
			name = LaunchScreen.storyboard;
			sourceTree = "<group>";
		};
/* End PBXVariantGroup section */

/* Begin XCBuildConfiguration section */
		B66D6C3D2588444F00389AFF /* Debug */ = {
			isa = XCBuildConfiguration;
			buildSettings = {
				ALWAYS_SEARCH_USER_PATHS = NO;
				CLANG_ANALYZER_NONNULL = YES;
				CLANG_ANALYZER_NUMBER_OBJECT_CONVERSION = YES_AGGRESSIVE;
				CLANG_CXX_LANGUAGE_STANDARD = "gnu++14";
				CLANG_CXX_LIBRARY = "libc++";
				CLANG_ENABLE_MODULES = YES;
				CLANG_ENABLE_OBJC_ARC = YES;
				CLANG_ENABLE_OBJC_WEAK = YES;
				CLANG_WARN_BLOCK_CAPTURE_AUTORELEASING = YES;
				CLANG_WARN_BOOL_CONVERSION = YES;
				CLANG_WARN_COMMA = YES;
				CLANG_WARN_CONSTANT_CONVERSION = YES;
				CLANG_WARN_DEPRECATED_OBJC_IMPLEMENTATIONS = YES;
				CLANG_WARN_DIRECT_OBJC_ISA_USAGE = YES_ERROR;
				CLANG_WARN_DOCUMENTATION_COMMENTS = YES;
				CLANG_WARN_EMPTY_BODY = YES;
				CLANG_WARN_ENUM_CONVERSION = YES;
				CLANG_WARN_INFINITE_RECURSION = YES;
				CLANG_WARN_INT_CONVERSION = YES;
				CLANG_WARN_NON_LITERAL_NULL_CONVERSION = YES;
				CLANG_WARN_OBJC_IMPLICIT_RETAIN_SELF = YES;
				CLANG_WARN_OBJC_LITERAL_CONVERSION = YES;
				CLANG_WARN_OBJC_ROOT_CLASS = YES_ERROR;
				CLANG_WARN_QUOTED_INCLUDE_IN_FRAMEWORK_HEADER = YES;
				CLANG_WARN_RANGE_LOOP_ANALYSIS = YES;
				CLANG_WARN_STRICT_PROTOTYPES = YES;
				CLANG_WARN_SUSPICIOUS_MOVE = YES;
				CLANG_WARN_UNGUARDED_AVAILABILITY = YES_AGGRESSIVE;
				CLANG_WARN_UNREACHABLE_CODE = YES;
				CLANG_WARN__DUPLICATE_METHOD_MATCH = YES;
				COPY_PHASE_STRIP = NO;
				DEBUG_INFORMATION_FORMAT = dwarf;
				ENABLE_STRICT_OBJC_MSGSEND = YES;
				ENABLE_TESTABILITY = YES;
				GCC_C_LANGUAGE_STANDARD = gnu11;
				GCC_DYNAMIC_NO_PIC = NO;
				GCC_NO_COMMON_BLOCKS = YES;
				GCC_OPTIMIZATION_LEVEL = 0;
				GCC_PREPROCESSOR_DEFINITIONS = (
					"DEBUG=1",
					"$(inherited)",
				);
				GCC_WARN_64_TO_32_BIT_CONVERSION = YES;
				GCC_WARN_ABOUT_RETURN_TYPE = YES_ERROR;
				GCC_WARN_UNDECLARED_SELECTOR = YES;
				GCC_WARN_UNINITIALIZED_AUTOS = YES_AGGRESSIVE;
				GCC_WARN_UNUSED_FUNCTION = YES;
				GCC_WARN_UNUSED_VARIABLE = YES;
				IPHONEOS_DEPLOYMENT_TARGET = 14.2;
				MTL_ENABLE_DEBUG_INFO = INCLUDE_SOURCE;
				MTL_FAST_MATH = YES;
				ONLY_ACTIVE_ARCH = YES;
				SDKROOT = iphoneos;
				SWIFT_ACTIVE_COMPILATION_CONDITIONS = DEBUG;
				SWIFT_OPTIMIZATION_LEVEL = "-Onone";
			};
			name = Debug;
		};
		B66D6C3E2588444F00389AFF /* Release */ = {
			isa = XCBuildConfiguration;
			buildSettings = {
				ALWAYS_SEARCH_USER_PATHS = NO;
				CLANG_ANALYZER_NONNULL = YES;
				CLANG_ANALYZER_NUMBER_OBJECT_CONVERSION = YES_AGGRESSIVE;
				CLANG_CXX_LANGUAGE_STANDARD = "gnu++14";
				CLANG_CXX_LIBRARY = "libc++";
				CLANG_ENABLE_MODULES = YES;
				CLANG_ENABLE_OBJC_ARC = YES;
				CLANG_ENABLE_OBJC_WEAK = YES;
				CLANG_WARN_BLOCK_CAPTURE_AUTORELEASING = YES;
				CLANG_WARN_BOOL_CONVERSION = YES;
				CLANG_WARN_COMMA = YES;
				CLANG_WARN_CONSTANT_CONVERSION = YES;
				CLANG_WARN_DEPRECATED_OBJC_IMPLEMENTATIONS = YES;
				CLANG_WARN_DIRECT_OBJC_ISA_USAGE = YES_ERROR;
				CLANG_WARN_DOCUMENTATION_COMMENTS = YES;
				CLANG_WARN_EMPTY_BODY = YES;
				CLANG_WARN_ENUM_CONVERSION = YES;
				CLANG_WARN_INFINITE_RECURSION = YES;
				CLANG_WARN_INT_CONVERSION = YES;
				CLANG_WARN_NON_LITERAL_NULL_CONVERSION = YES;
				CLANG_WARN_OBJC_IMPLICIT_RETAIN_SELF = YES;
				CLANG_WARN_OBJC_LITERAL_CONVERSION = YES;
				CLANG_WARN_OBJC_ROOT_CLASS = YES_ERROR;
				CLANG_WARN_QUOTED_INCLUDE_IN_FRAMEWORK_HEADER = YES;
				CLANG_WARN_RANGE_LOOP_ANALYSIS = YES;
				CLANG_WARN_STRICT_PROTOTYPES = YES;
				CLANG_WARN_SUSPICIOUS_MOVE = YES;
				CLANG_WARN_UNGUARDED_AVAILABILITY = YES_AGGRESSIVE;
				CLANG_WARN_UNREACHABLE_CODE = YES;
				CLANG_WARN__DUPLICATE_METHOD_MATCH = YES;
				COPY_PHASE_STRIP = NO;
				DEBUG_INFORMATION_FORMAT = "dwarf-with-dsym";
				ENABLE_NS_ASSERTIONS = NO;
				ENABLE_STRICT_OBJC_MSGSEND = YES;
				GCC_C_LANGUAGE_STANDARD = gnu11;
				GCC_NO_COMMON_BLOCKS = YES;
				GCC_WARN_64_TO_32_BIT_CONVERSION = YES;
				GCC_WARN_ABOUT_RETURN_TYPE = YES_ERROR;
				GCC_WARN_UNDECLARED_SELECTOR = YES;
				GCC_WARN_UNINITIALIZED_AUTOS = YES_AGGRESSIVE;
				GCC_WARN_UNUSED_FUNCTION = YES;
				GCC_WARN_UNUSED_VARIABLE = YES;
				IPHONEOS_DEPLOYMENT_TARGET = 14.2;
				MTL_ENABLE_DEBUG_INFO = NO;
				MTL_FAST_MATH = YES;
				SDKROOT = iphoneos;
				SWIFT_COMPILATION_MODE = wholemodule;
				SWIFT_OPTIMIZATION_LEVEL = "-O";
				VALIDATE_PRODUCT = YES;
			};
			name = Release;
		};
		B66D6C402588444F00389AFF /* Debug */ = {
			isa = XCBuildConfiguration;
			buildSettings = {
				ASSETCATALOG_COMPILER_APPICON_NAME = AppIcon;
				ASSETCATALOG_COMPILER_GLOBAL_ACCENT_COLOR_NAME = AccentColor;
				CODE_SIGN_STYLE = Automatic;
				DEVELOPMENT_TEAM = 4H7YYU92G2;
				INFOPLIST_FILE = "Things-To-Do/Info.plist";
				LD_RUNPATH_SEARCH_PATHS = (
					"$(inherited)",
					"@executable_path/Frameworks",
				);
				PRODUCT_BUNDLE_IDENTIFIER = "loy.Things-To-Do";
				PRODUCT_NAME = "$(TARGET_NAME)";
				SWIFT_VERSION = 5.0;
				TARGETED_DEVICE_FAMILY = "1,2";
			};
			name = Debug;
		};
		B66D6C412588444F00389AFF /* Release */ = {
			isa = XCBuildConfiguration;
			buildSettings = {
				ASSETCATALOG_COMPILER_APPICON_NAME = AppIcon;
				ASSETCATALOG_COMPILER_GLOBAL_ACCENT_COLOR_NAME = AccentColor;
				CODE_SIGN_STYLE = Automatic;
				DEVELOPMENT_TEAM = 4H7YYU92G2;
				INFOPLIST_FILE = "Things-To-Do/Info.plist";
				LD_RUNPATH_SEARCH_PATHS = (
					"$(inherited)",
					"@executable_path/Frameworks",
				);
				PRODUCT_BUNDLE_IDENTIFIER = "loy.Things-To-Do";
				PRODUCT_NAME = "$(TARGET_NAME)";
				SWIFT_VERSION = 5.0;
				TARGETED_DEVICE_FAMILY = "1,2";
			};
			name = Release;
		};
		B66D6C432588444F00389AFF /* Debug */ = {
			isa = XCBuildConfiguration;
			buildSettings = {
				ALWAYS_EMBED_SWIFT_STANDARD_LIBRARIES = YES;
				BUNDLE_LOADER = "$(TEST_HOST)";
				CODE_SIGN_STYLE = Automatic;
				DEVELOPMENT_TEAM = 4H7YYU92G2;
				INFOPLIST_FILE = "Things-To-DoTests/Info.plist";
				IPHONEOS_DEPLOYMENT_TARGET = 14.2;
				LD_RUNPATH_SEARCH_PATHS = (
					"$(inherited)",
					"@executable_path/Frameworks",
					"@loader_path/Frameworks",
				);
				PRODUCT_BUNDLE_IDENTIFIER = "loy.Things-To-DoTests";
				PRODUCT_NAME = "$(TARGET_NAME)";
				SWIFT_VERSION = 5.0;
				TARGETED_DEVICE_FAMILY = "1,2";
				TEST_HOST = "$(BUILT_PRODUCTS_DIR)/Things-To-Do.app/Things-To-Do";
			};
			name = Debug;
		};
		B66D6C442588444F00389AFF /* Release */ = {
			isa = XCBuildConfiguration;
			buildSettings = {
				ALWAYS_EMBED_SWIFT_STANDARD_LIBRARIES = YES;
				BUNDLE_LOADER = "$(TEST_HOST)";
				CODE_SIGN_STYLE = Automatic;
				DEVELOPMENT_TEAM = 4H7YYU92G2;
				INFOPLIST_FILE = "Things-To-DoTests/Info.plist";
				IPHONEOS_DEPLOYMENT_TARGET = 14.2;
				LD_RUNPATH_SEARCH_PATHS = (
					"$(inherited)",
					"@executable_path/Frameworks",
					"@loader_path/Frameworks",
				);
				PRODUCT_BUNDLE_IDENTIFIER = "loy.Things-To-DoTests";
				PRODUCT_NAME = "$(TARGET_NAME)";
				SWIFT_VERSION = 5.0;
				TARGETED_DEVICE_FAMILY = "1,2";
				TEST_HOST = "$(BUILT_PRODUCTS_DIR)/Things-To-Do.app/Things-To-Do";
			};
			name = Release;
		};
		B66D6C462588444F00389AFF /* Debug */ = {
			isa = XCBuildConfiguration;
			buildSettings = {
				ALWAYS_EMBED_SWIFT_STANDARD_LIBRARIES = YES;
				CODE_SIGN_STYLE = Automatic;
				DEVELOPMENT_TEAM = 4H7YYU92G2;
				INFOPLIST_FILE = "Things-To-DoUITests/Info.plist";
				LD_RUNPATH_SEARCH_PATHS = (
					"$(inherited)",
					"@executable_path/Frameworks",
					"@loader_path/Frameworks",
				);
				PRODUCT_BUNDLE_IDENTIFIER = "loy.Things-To-DoUITests";
				PRODUCT_NAME = "$(TARGET_NAME)";
				SWIFT_VERSION = 5.0;
				TARGETED_DEVICE_FAMILY = "1,2";
				TEST_TARGET_NAME = "Things-To-Do";
			};
			name = Debug;
		};
		B66D6C472588444F00389AFF /* Release */ = {
			isa = XCBuildConfiguration;
			buildSettings = {
				ALWAYS_EMBED_SWIFT_STANDARD_LIBRARIES = YES;
				CODE_SIGN_STYLE = Automatic;
				DEVELOPMENT_TEAM = 4H7YYU92G2;
				INFOPLIST_FILE = "Things-To-DoUITests/Info.plist";
				LD_RUNPATH_SEARCH_PATHS = (
					"$(inherited)",
					"@executable_path/Frameworks",
					"@loader_path/Frameworks",
				);
				PRODUCT_BUNDLE_IDENTIFIER = "loy.Things-To-DoUITests";
				PRODUCT_NAME = "$(TARGET_NAME)";
				SWIFT_VERSION = 5.0;
				TARGETED_DEVICE_FAMILY = "1,2";
				TEST_TARGET_NAME = "Things-To-Do";
			};
			name = Release;
		};
/* End XCBuildConfiguration section */

/* Begin XCConfigurationList section */
		B66D6C102588444B00389AFF /* Build configuration list for PBXProject "Things-To-Do" */ = {
			isa = XCConfigurationList;
			buildConfigurations = (
				B66D6C3D2588444F00389AFF /* Debug */,
				B66D6C3E2588444F00389AFF /* Release */,
			);
			defaultConfigurationIsVisible = 0;
			defaultConfigurationName = Release;
		};
		B66D6C3F2588444F00389AFF /* Build configuration list for PBXNativeTarget "Things-To-Do" */ = {
			isa = XCConfigurationList;
			buildConfigurations = (
				B66D6C402588444F00389AFF /* Debug */,
				B66D6C412588444F00389AFF /* Release */,
			);
			defaultConfigurationIsVisible = 0;
			defaultConfigurationName = Release;
		};
		B66D6C422588444F00389AFF /* Build configuration list for PBXNativeTarget "Things-To-DoTests" */ = {
			isa = XCConfigurationList;
			buildConfigurations = (
				B66D6C432588444F00389AFF /* Debug */,
				B66D6C442588444F00389AFF /* Release */,
			);
			defaultConfigurationIsVisible = 0;
			defaultConfigurationName = Release;
		};
		B66D6C452588444F00389AFF /* Build configuration list for PBXNativeTarget "Things-To-DoUITests" */ = {
			isa = XCConfigurationList;
			buildConfigurations = (
				B66D6C462588444F00389AFF /* Debug */,
				B66D6C472588444F00389AFF /* Release */,
			);
			defaultConfigurationIsVisible = 0;
			defaultConfigurationName = Release;
		};
/* End XCConfigurationList section */
	};
	rootObject = B66D6C0D2588444B00389AFF /* Project object */;
}
